
Microsoft Visual Studio Solution File, Format Version 12.00
Project("{2150E333-8FDC-42A3-9474-1A3956D46DE8}") = "src", "src", "{72C17D98-3022-4994-8D78-306A0AB529AA}"
EndProject
Project("{2150E333-8FDC-42A3-9474-1A3956D46DE8}") = "Solution Items", "Solution Items", "{B1461E04-1523-4C76-9F34-F22A50ABDFEA}"
EndProject
Project("{FAE04EC0-301F-11D3-BF4B-00C04F79EFBC}") = "ClientPlus.Infrastructure.DataBase", "ClientPlus.Infrastructure.DataBase\ClientPlus.Infrastructure.DataBase.csproj", "{F0FC8420-9F70-4066-BC5B-AE4C4128F16E}"
EndProject
Project("{FAE04EC0-301F-11D3-BF4B-00C04F79EFBC}") = "ClientPlus.Infrastructure.Kafka", "ClientPlus.Infrastructure.Kafka\ClientPlus.Infrastructure.Kafka.csproj", "{C66B1721-A4B6-470F-9FBB-07B70A31C2CB}"
EndProject
Project("{2150E333-8FDC-42A3-9474-1A3956D46DE8}") = "Service", "Service", "{85C0D474-A146-4E7F-9877-17D5FF0D4BBE}"
EndProject
Project("{2150E333-8FDC-42A3-9474-1A3956D46DE8}") = "Record", "Record", "{E2A933A2-3BA9-48A3-BB58-D905E862D49D}"
EndProject
Project("{FAE04EC0-301F-11D3-BF4B-00C04F79EFBC}") = "Record.API", "Record.API\Record.API.csproj", "{22102F44-7633-4015-ABA9-CF5D72634906}"
EndProject
Project("{FAE04EC0-301F-11D3-BF4B-00C04F79EFBC}") = "Record.Application", "Record.Application\Record.Application.csproj", "{B90DC893-6D1D-46EA-ACD8-237A23A21592}"
EndProject
Project("{FAE04EC0-301F-11D3-BF4B-00C04F79EFBC}") = "Record.Domain", "Record.Domain\Record.Domain.csproj", "{6AD06981-B2A8-409A-8FD6-C4E060804816}"
EndProject
Project("{FAE04EC0-301F-11D3-BF4B-00C04F79EFBC}") = "Record.Infrastructure", "Record.Infrastructure\Record.Infrastructure.csproj", "{0E7BD256-1D9B-4800-9826-4B5418478352}"
EndProject
Global
	GlobalSection(SolutionConfigurationPlatforms) = preSolution
		Debug|Any CPU = Debug|Any CPU
		Release|Any CPU = Release|Any CPU
	EndGlobalSection
	GlobalSection(ProjectConfigurationPlatforms) = postSolution
		{F0FC8420-9F70-4066-BC5B-AE4C4128F16E}.Debug|Any CPU.ActiveCfg = Debug|Any CPU
		{F0FC8420-9F70-4066-BC5B-AE4C4128F16E}.Debug|Any CPU.Build.0 = Debug|Any CPU
		{F0FC8420-9F70-4066-BC5B-AE4C4128F16E}.Release|Any CPU.ActiveCfg = Release|Any CPU
		{F0FC8420-9F70-4066-BC5B-AE4C4128F16E}.Release|Any CPU.Build.0 = Release|Any CPU
		{C66B1721-A4B6-470F-9FBB-07B70A31C2CB}.Debug|Any CPU.ActiveCfg = Debug|Any CPU
		{C66B1721-A4B6-470F-9FBB-07B70A31C2CB}.Debug|Any CPU.Build.0 = Debug|Any CPU
		{C66B1721-A4B6-470F-9FBB-07B70A31C2CB}.Release|Any CPU.ActiveCfg = Release|Any CPU
		{C66B1721-A4B6-470F-9FBB-07B70A31C2CB}.Release|Any CPU.Build.0 = Release|Any CPU
		{22102F44-7633-4015-ABA9-CF5D72634906}.Debug|Any CPU.ActiveCfg = Debug|Any CPU
		{22102F44-7633-4015-ABA9-CF5D72634906}.Debug|Any CPU.Build.0 = Debug|Any CPU
		{22102F44-7633-4015-ABA9-CF5D72634906}.Release|Any CPU.ActiveCfg = Release|Any CPU
		{22102F44-7633-4015-ABA9-CF5D72634906}.Release|Any CPU.Build.0 = Release|Any CPU
		{B90DC893-6D1D-46EA-ACD8-237A23A21592}.Debug|Any CPU.ActiveCfg = Debug|Any CPU
		{B90DC893-6D1D-46EA-ACD8-237A23A21592}.Debug|Any CPU.Build.0 = Debug|Any CPU
		{B90DC893-6D1D-46EA-ACD8-237A23A21592}.Release|Any CPU.ActiveCfg = Release|Any CPU
		{B90DC893-6D1D-46EA-ACD8-237A23A21592}.Release|Any CPU.Build.0 = Release|Any CPU
		{6AD06981-B2A8-409A-8FD6-C4E060804816}.Debug|Any CPU.ActiveCfg = Debug|Any CPU
		{6AD06981-B2A8-409A-8FD6-C4E060804816}.Debug|Any CPU.Build.0 = Debug|Any CPU
		{6AD06981-B2A8-409A-8FD6-C4E060804816}.Release|Any CPU.ActiveCfg = Release|Any CPU
		{6AD06981-B2A8-409A-8FD6-C4E060804816}.Release|Any CPU.Build.0 = Release|Any CPU
		{0E7BD256-1D9B-4800-9826-4B5418478352}.Debug|Any CPU.ActiveCfg = Debug|Any CPU
		{0E7BD256-1D9B-4800-9826-4B5418478352}.Debug|Any CPU.Build.0 = Debug|Any CPU
		{0E7BD256-1D9B-4800-9826-4B5418478352}.Release|Any CPU.ActiveCfg = Release|Any CPU
		{0E7BD256-1D9B-4800-9826-4B5418478352}.Release|Any CPU.Build.0 = Release|Any CPU
	EndGlobalSection
	GlobalSection(NestedProjects) = preSolution
		{F0FC8420-9F70-4066-BC5B-AE4C4128F16E} = {72C17D98-3022-4994-8D78-306A0AB529AA}
		{C66B1721-A4B6-470F-9FBB-07B70A31C2CB} = {72C17D98-3022-4994-8D78-306A0AB529AA}
		{85C0D474-A146-4E7F-9877-17D5FF0D4BBE} = {72C17D98-3022-4994-8D78-306A0AB529AA}
		{E2A933A2-3BA9-48A3-BB58-D905E862D49D} = {85C0D474-A146-4E7F-9877-17D5FF0D4BBE}
		{22102F44-7633-4015-ABA9-CF5D72634906} = {E2A933A2-3BA9-48A3-BB58-D905E862D49D}
		{B90DC893-6D1D-46EA-ACD8-237A23A21592} = {E2A933A2-3BA9-48A3-BB58-D905E862D49D}
		{6AD06981-B2A8-409A-8FD6-C4E060804816} = {E2A933A2-3BA9-48A3-BB58-D905E862D49D}
		{0E7BD256-1D9B-4800-9826-4B5418478352} = {E2A933A2-3BA9-48A3-BB58-D905E862D49D}
	EndGlobalSection
EndGlobal
