
Microsoft Visual Studio Solution File, Format Version 12.00
Project("{2150E333-8FDC-42A3-9474-1A3956D46DE8}") = "src", "src", "{72C17D98-3022-4994-8D78-306A0AB529AA}"
EndProject
Project("{2150E333-8FDC-42A3-9474-1A3956D46DE8}") = "Solution Items", "Solution Items", "{B1461E04-1523-4C76-9F34-F22A50ABDFEA}"
EndProject
Project("{FAE04EC0-301F-11D3-BF4B-00C04F79EFBC}") = "ClientPlus.Infrastructure.DataBase", "ClientPlus.Infrastructure.DataBase\ClientPlus.Infrastructure.DataBase.csproj", "{F0FC8420-9F70-4066-BC5B-AE4C4128F16E}"
EndProject
Project("{FAE04EC0-301F-11D3-BF4B-00C04F79EFBC}") = "ClientPlus.Infrastructure.Kafka", "ClientPlus.Infrastructure.Kafka\ClientPlus.Infrastructure.Kafka.csproj", "{C66B1721-A4B6-470F-9FBB-07B70A31C2CB}"
EndProject
Project("{2150E333-8FDC-42A3-9474-1A3956D46DE8}") = "Service", "Service", "{85C0D474-A146-4E7F-9877-17D5FF0D4BBE}"
EndProject
Project("{2150E333-8FDC-42A3-9474-1A3956D46DE8}") = "Record", "Record", "{E2A933A2-3BA9-48A3-BB58-D905E862D49D}"
EndProject
Project("{FAE04EC0-301F-11D3-BF4B-00C04F79EFBC}") = "Record.API", "Record.API\Record.API.csproj", "{22102F44-7633-4015-ABA9-CF5D72634906}"
EndProject
Project("{FAE04EC0-301F-11D3-BF4B-00C04F79EFBC}") = "Record.Application", "Record.Application\Record.Application.csproj", "{B90DC893-6D1D-46EA-ACD8-237A23A21592}"
EndProject
Project("{FAE04EC0-301F-11D3-BF4B-00C04F79EFBC}") = "Record.Domain", "Record.Domain\Record.Domain.csproj", "{6AD06981-B2A8-409A-8FD6-C4E060804816}"
EndProject
Project("{FAE04EC0-301F-11D3-BF4B-00C04F79EFBC}") = "Record.Infrastructure", "Record.Infrastructure\Record.Infrastructure.csproj", "{0E7BD256-1D9B-4800-9826-4B5418478352}"
EndProject
Project("{FAE04EC0-301F-11D3-BF4B-00C04F79EFBC}") = "ClientPlus.API", "ClientPlus.API\ClientPlus.API.csproj", "{815C4B8E-F98D-4D6B-9820-2B3521AF4D68}"
EndProject
Project("{2150E333-8FDC-42A3-9474-1A3956D46DE8}") = "Identity", "Identity", "{8220A915-EEFE-4431-9705-CF16325C91BB}"
EndProject
Project("{FAE04EC0-301F-11D3-BF4B-00C04F79EFBC}") = "Identity.API", "Identity.API\Identity.API.csproj", "{516E1B06-2CE2-435A-B47A-F276E0A129C6}"
EndProject
Project("{FAE04EC0-301F-11D3-BF4B-00C04F79EFBC}") = "Identity.Domain", "Identity.Domain\Identity.Domain.csproj", "{F4B972B5-952A-4D33-ACE3-DD67B84CDDFB}"
EndProject
Project("{FAE04EC0-301F-11D3-BF4B-00C04F79EFBC}") = "Identity.Application", "Identity.Application\Identity.Application.csproj", "{7D0DEB6D-CCE3-49D6-8C26-7FCD7F427BE6}"
EndProject
Project("{FAE04EC0-301F-11D3-BF4B-00C04F79EFBC}") = "Identity.Infrastructure", "Identity.Infrastructure\Identity.Infrastructure.csproj", "{A2284929-35EE-4C8E-955C-BFA91E822953}"
EndProject
Project("{2150E333-8FDC-42A3-9474-1A3956D46DE8}") = "Client", "Client", "{8B938FB3-6545-41AA-A93A-0E6B0D5F02B3}"
EndProject
Project("{2150E333-8FDC-42A3-9474-1A3956D46DE8}") = "Employee", "Employee", "{3F0B1EBC-4029-4013-9C1C-617732A95653}"
EndProject
Project("{2150E333-8FDC-42A3-9474-1A3956D46DE8}") = "Service", "Service", "{AD70EC10-4884-47A5-B8CD-DCB63F55D97E}"
EndProject
Project("{2150E333-8FDC-42A3-9474-1A3956D46DE8}") = "Analytics", "Analytics", "{670189BC-1EB7-4435-AA0D-F2EBAAC0A06F}"
EndProject
Project("{2150E333-8FDC-42A3-9474-1A3956D46DE8}") = "Company", "Company", "{AB13DBA8-202B-4D03-A830-7D708AA1E077}"
EndProject
Project("{2150E333-8FDC-42A3-9474-1A3956D46DE8}") = "Magazine", "Magazine", "{D328B635-7D5D-42F8-8406-7A4EE34C3F82}"
EndProject
Project("{2150E333-8FDC-42A3-9474-1A3956D46DE8}") = "Support", "Support", "{C177D721-7659-4718-8F9A-F33D70E7B633}"
EndProject
Project("{2150E333-8FDC-42A3-9474-1A3956D46DE8}") = "Pay", "Pay", "{2FD85C39-ABC9-461F-B721-1DB9E63B8943}"
EndProject
Project("{FAE04EC0-301F-11D3-BF4B-00C04F79EFBC}") = "Analytics.API", "Analytics.API\Analytics.API.csproj", "{3B2E3F6F-AFC3-4906-A4FE-694E7B494954}"
EndProject
Project("{FAE04EC0-301F-11D3-BF4B-00C04F79EFBC}") = "Analytics.Domain", "Analytics.Domain\Analytics.Domain.csproj", "{ACCEC24B-1DE1-4021-806B-8E028CCD4DEE}"
EndProject
Project("{FAE04EC0-301F-11D3-BF4B-00C04F79EFBC}") = "Analytics.Application", "Analytics.Application\Analytics.Application.csproj", "{8CD9D22D-C3D1-4C07-ACC6-C4A499977C24}"
EndProject
Project("{FAE04EC0-301F-11D3-BF4B-00C04F79EFBC}") = "Analytics.Infrastructure", "Analytics.Infrastructure\Analytics.Infrastructure.csproj", "{404E68B1-0701-440F-AA63-C383405BB44D}"
EndProject
Project("{FAE04EC0-301F-11D3-BF4B-00C04F79EFBC}") = "Client.Infrastructure", "Client.Infrastructure\Client.Infrastructure.csproj", "{616688D9-B917-43B4-8A5D-7965B352FDE5}"
EndProject
Project("{FAE04EC0-301F-11D3-BF4B-00C04F79EFBC}") = "Client.Domain", "Client.Domain\Client.Domain.csproj", "{A9909383-E4BA-445D-8D14-8A629A8B70F1}"
EndProject
Project("{FAE04EC0-301F-11D3-BF4B-00C04F79EFBC}") = "Client.Application", "Client.Application\Client.Application.csproj", "{BEBD7F85-B9A5-4E1B-BEDF-6CA16F31217C}"
EndProject
Project("{FAE04EC0-301F-11D3-BF4B-00C04F79EFBC}") = "Client.API", "Client.API\Client.API.csproj", "{B5DE30D2-6356-4611-B754-373517A920D5}"
EndProject
Project("{FAE04EC0-301F-11D3-BF4B-00C04F79EFBC}") = "Company.API", "Company.API\Company.API.csproj", "{189424EB-F23A-42DD-91FD-41FFE87B1D10}"
EndProject
Project("{FAE04EC0-301F-11D3-BF4B-00C04F79EFBC}") = "Company.Domain", "Company.Domain\Company.Domain.csproj", "{1EF4DDE2-4E8E-4AE8-B393-756BDFC18617}"
EndProject
Project("{FAE04EC0-301F-11D3-BF4B-00C04F79EFBC}") = "Company.Appliaction", "Company.Appliaction\Company.Appliaction.csproj", "{566E920B-82A9-4A23-8FB2-BA38E831718C}"
EndProject
Project("{FAE04EC0-301F-11D3-BF4B-00C04F79EFBC}") = "Company.Infrastructure", "Company.Infrastructure\Company.Infrastructure.csproj", "{4852C55B-177B-4322-A73D-6DD1825FE5A1}"
EndProject
Project("{FAE04EC0-301F-11D3-BF4B-00C04F79EFBC}") = "Employee.Domain", "Employee.Domain\Employee.Domain.csproj", "{71C2777A-AFAE-44AC-B476-7542C57F113B}"
EndProject
Project("{FAE04EC0-301F-11D3-BF4B-00C04F79EFBC}") = "Employee.Application", "Employee.Application\Employee.Application.csproj", "{65E5940B-6924-46DB-A24E-3884248C3B53}"
EndProject
Project("{FAE04EC0-301F-11D3-BF4B-00C04F79EFBC}") = "Employee.Infrastructure", "Employee.Infrastructure\Employee.Infrastructure.csproj", "{612D5C79-9422-47AF-9933-2D6DE3D222ED}"
EndProject
Project("{FAE04EC0-301F-11D3-BF4B-00C04F79EFBC}") = "Employee.API", "Employee.API\Employee.API.csproj", "{D42F3374-98BD-4E7B-961B-0F1FB2911997}"
EndProject
Project("{FAE04EC0-301F-11D3-BF4B-00C04F79EFBC}") = "Magazine.API", "Magazine.API\Magazine.API.csproj", "{1ED5238D-6A9A-4F2B-90E5-3FAA92BCB77C}"
EndProject
Project("{FAE04EC0-301F-11D3-BF4B-00C04F79EFBC}") = "Pay.API", "Pay.API\Pay.API.csproj", "{98454F1E-5DEF-4735-B9A2-0BB6E031E605}"
EndProject
Project("{FAE04EC0-301F-11D3-BF4B-00C04F79EFBC}") = "Service.API", "Service.API\Service.API.csproj", "{852B6AD3-D19D-42C9-887A-C89AF4F25C95}"
EndProject
Project("{FAE04EC0-301F-11D3-BF4B-00C04F79EFBC}") = "Support.API", "Support.API\Support.API.csproj", "{2E406864-4BD3-413D-82AF-7FAE60537533}"
EndProject
Project("{FAE04EC0-301F-11D3-BF4B-00C04F79EFBC}") = "Magazine.Domain", "Magazine.Domain\Magazine.Domain.csproj", "{FECF6DCC-AB99-493A-997E-E8569B7A7D8F}"
EndProject
Project("{FAE04EC0-301F-11D3-BF4B-00C04F79EFBC}") = "Magazine.Application", "Magazine.Application\Magazine.Application.csproj", "{6ADC6527-866B-4235-9118-B400E0F5B096}"
EndProject
Project("{FAE04EC0-301F-11D3-BF4B-00C04F79EFBC}") = "Magazine.Infrastructure", "Magazine.Infrastructure\Magazine.Infrastructure.csproj", "{9DA2FD43-A934-40FD-97E9-02F198AA13E0}"
EndProject
Project("{FAE04EC0-301F-11D3-BF4B-00C04F79EFBC}") = "Pay.Domain", "Pay.Domain\Pay.Domain.csproj", "{B91F9550-16B9-4F73-98EA-7019C7D41E1F}"
EndProject
Project("{FAE04EC0-301F-11D3-BF4B-00C04F79EFBC}") = "Pay.Application", "Pay.Application\Pay.Application.csproj", "{F814537E-86BA-4C50-BD59-23137FA79657}"
EndProject
Project("{FAE04EC0-301F-11D3-BF4B-00C04F79EFBC}") = "Pay.Infrastructure", "Pay.Infrastructure\Pay.Infrastructure.csproj", "{1C7A77DD-A90D-4143-A840-CAB4FF3A90BB}"
EndProject
Project("{FAE04EC0-301F-11D3-BF4B-00C04F79EFBC}") = "Service.Domain", "Service.Domain\Service.Domain.csproj", "{866961BD-F811-4E92-856A-A04F94E80F66}"
EndProject
Project("{FAE04EC0-301F-11D3-BF4B-00C04F79EFBC}") = "Service.Application", "Service.Application\Service.Application.csproj", "{8833DA3C-794D-4B47-9184-D5AD5158BB2F}"
EndProject
Project("{FAE04EC0-301F-11D3-BF4B-00C04F79EFBC}") = "Service.Infrastructure", "Service.Infrastructure\Service.Infrastructure.csproj", "{97F4D8B3-5880-4D7A-8035-7CE7FFC0C6F0}"
EndProject
Project("{FAE04EC0-301F-11D3-BF4B-00C04F79EFBC}") = "Support.Domain", "Support.Domain\Support.Domain.csproj", "{A8FA0AE8-85F8-479F-9131-E69FE74C4E10}"
EndProject
Project("{FAE04EC0-301F-11D3-BF4B-00C04F79EFBC}") = "Support.Application", "Support.Application\Support.Application.csproj", "{D1E1A8F1-004E-4513-A8A9-DDDAFC665F01}"
EndProject
Project("{FAE04EC0-301F-11D3-BF4B-00C04F79EFBC}") = "Support.Infrastucture", "Support.Infrastucture\Support.Infrastucture.csproj", "{BD019AE8-6963-478D-9D68-52FE75AC90B1}"
EndProject
Global
	GlobalSection(SolutionConfigurationPlatforms) = preSolution
		Debug|Any CPU = Debug|Any CPU
		Release|Any CPU = Release|Any CPU
	EndGlobalSection
	GlobalSection(ProjectConfigurationPlatforms) = postSolution
		{F0FC8420-9F70-4066-BC5B-AE4C4128F16E}.Debug|Any CPU.ActiveCfg = Debug|Any CPU
		{F0FC8420-9F70-4066-BC5B-AE4C4128F16E}.Debug|Any CPU.Build.0 = Debug|Any CPU
		{F0FC8420-9F70-4066-BC5B-AE4C4128F16E}.Release|Any CPU.ActiveCfg = Release|Any CPU
		{F0FC8420-9F70-4066-BC5B-AE4C4128F16E}.Release|Any CPU.Build.0 = Release|Any CPU
		{C66B1721-A4B6-470F-9FBB-07B70A31C2CB}.Debug|Any CPU.ActiveCfg = Debug|Any CPU
		{C66B1721-A4B6-470F-9FBB-07B70A31C2CB}.Debug|Any CPU.Build.0 = Debug|Any CPU
		{C66B1721-A4B6-470F-9FBB-07B70A31C2CB}.Release|Any CPU.ActiveCfg = Release|Any CPU
		{C66B1721-A4B6-470F-9FBB-07B70A31C2CB}.Release|Any CPU.Build.0 = Release|Any CPU
		{22102F44-7633-4015-ABA9-CF5D72634906}.Debug|Any CPU.ActiveCfg = Debug|Any CPU
		{22102F44-7633-4015-ABA9-CF5D72634906}.Debug|Any CPU.Build.0 = Debug|Any CPU
		{22102F44-7633-4015-ABA9-CF5D72634906}.Release|Any CPU.ActiveCfg = Release|Any CPU
		{22102F44-7633-4015-ABA9-CF5D72634906}.Release|Any CPU.Build.0 = Release|Any CPU
		{B90DC893-6D1D-46EA-ACD8-237A23A21592}.Debug|Any CPU.ActiveCfg = Debug|Any CPU
		{B90DC893-6D1D-46EA-ACD8-237A23A21592}.Debug|Any CPU.Build.0 = Debug|Any CPU
		{B90DC893-6D1D-46EA-ACD8-237A23A21592}.Release|Any CPU.ActiveCfg = Release|Any CPU
		{B90DC893-6D1D-46EA-ACD8-237A23A21592}.Release|Any CPU.Build.0 = Release|Any CPU
		{6AD06981-B2A8-409A-8FD6-C4E060804816}.Debug|Any CPU.ActiveCfg = Debug|Any CPU
		{6AD06981-B2A8-409A-8FD6-C4E060804816}.Debug|Any CPU.Build.0 = Debug|Any CPU
		{6AD06981-B2A8-409A-8FD6-C4E060804816}.Release|Any CPU.ActiveCfg = Release|Any CPU
		{6AD06981-B2A8-409A-8FD6-C4E060804816}.Release|Any CPU.Build.0 = Release|Any CPU
		{0E7BD256-1D9B-4800-9826-4B5418478352}.Debug|Any CPU.ActiveCfg = Debug|Any CPU
		{0E7BD256-1D9B-4800-9826-4B5418478352}.Debug|Any CPU.Build.0 = Debug|Any CPU
		{0E7BD256-1D9B-4800-9826-4B5418478352}.Release|Any CPU.ActiveCfg = Release|Any CPU
		{0E7BD256-1D9B-4800-9826-4B5418478352}.Release|Any CPU.Build.0 = Release|Any CPU
		{815C4B8E-F98D-4D6B-9820-2B3521AF4D68}.Debug|Any CPU.ActiveCfg = Debug|Any CPU
		{815C4B8E-F98D-4D6B-9820-2B3521AF4D68}.Debug|Any CPU.Build.0 = Debug|Any CPU
		{815C4B8E-F98D-4D6B-9820-2B3521AF4D68}.Release|Any CPU.ActiveCfg = Release|Any CPU
		{815C4B8E-F98D-4D6B-9820-2B3521AF4D68}.Release|Any CPU.Build.0 = Release|Any CPU
		{516E1B06-2CE2-435A-B47A-F276E0A129C6}.Debug|Any CPU.ActiveCfg = Debug|Any CPU
		{516E1B06-2CE2-435A-B47A-F276E0A129C6}.Debug|Any CPU.Build.0 = Debug|Any CPU
		{516E1B06-2CE2-435A-B47A-F276E0A129C6}.Release|Any CPU.ActiveCfg = Release|Any CPU
		{516E1B06-2CE2-435A-B47A-F276E0A129C6}.Release|Any CPU.Build.0 = Release|Any CPU
		{F4B972B5-952A-4D33-ACE3-DD67B84CDDFB}.Debug|Any CPU.ActiveCfg = Debug|Any CPU
		{F4B972B5-952A-4D33-ACE3-DD67B84CDDFB}.Debug|Any CPU.Build.0 = Debug|Any CPU
		{F4B972B5-952A-4D33-ACE3-DD67B84CDDFB}.Release|Any CPU.ActiveCfg = Release|Any CPU
		{F4B972B5-952A-4D33-ACE3-DD67B84CDDFB}.Release|Any CPU.Build.0 = Release|Any CPU
		{7D0DEB6D-CCE3-49D6-8C26-7FCD7F427BE6}.Debug|Any CPU.ActiveCfg = Debug|Any CPU
		{7D0DEB6D-CCE3-49D6-8C26-7FCD7F427BE6}.Debug|Any CPU.Build.0 = Debug|Any CPU
		{7D0DEB6D-CCE3-49D6-8C26-7FCD7F427BE6}.Release|Any CPU.ActiveCfg = Release|Any CPU
		{7D0DEB6D-CCE3-49D6-8C26-7FCD7F427BE6}.Release|Any CPU.Build.0 = Release|Any CPU
		{A2284929-35EE-4C8E-955C-BFA91E822953}.Debug|Any CPU.ActiveCfg = Debug|Any CPU
		{A2284929-35EE-4C8E-955C-BFA91E822953}.Debug|Any CPU.Build.0 = Debug|Any CPU
		{A2284929-35EE-4C8E-955C-BFA91E822953}.Release|Any CPU.ActiveCfg = Release|Any CPU
		{A2284929-35EE-4C8E-955C-BFA91E822953}.Release|Any CPU.Build.0 = Release|Any CPU
		{3B2E3F6F-AFC3-4906-A4FE-694E7B494954}.Debug|Any CPU.ActiveCfg = Debug|Any CPU
		{3B2E3F6F-AFC3-4906-A4FE-694E7B494954}.Debug|Any CPU.Build.0 = Debug|Any CPU
		{3B2E3F6F-AFC3-4906-A4FE-694E7B494954}.Release|Any CPU.ActiveCfg = Release|Any CPU
		{3B2E3F6F-AFC3-4906-A4FE-694E7B494954}.Release|Any CPU.Build.0 = Release|Any CPU
		{ACCEC24B-1DE1-4021-806B-8E028CCD4DEE}.Debug|Any CPU.ActiveCfg = Debug|Any CPU
		{ACCEC24B-1DE1-4021-806B-8E028CCD4DEE}.Debug|Any CPU.Build.0 = Debug|Any CPU
		{ACCEC24B-1DE1-4021-806B-8E028CCD4DEE}.Release|Any CPU.ActiveCfg = Release|Any CPU
		{ACCEC24B-1DE1-4021-806B-8E028CCD4DEE}.Release|Any CPU.Build.0 = Release|Any CPU
		{8CD9D22D-C3D1-4C07-ACC6-C4A499977C24}.Debug|Any CPU.ActiveCfg = Debug|Any CPU
		{8CD9D22D-C3D1-4C07-ACC6-C4A499977C24}.Debug|Any CPU.Build.0 = Debug|Any CPU
		{8CD9D22D-C3D1-4C07-ACC6-C4A499977C24}.Release|Any CPU.ActiveCfg = Release|Any CPU
		{8CD9D22D-C3D1-4C07-ACC6-C4A499977C24}.Release|Any CPU.Build.0 = Release|Any CPU
		{404E68B1-0701-440F-AA63-C383405BB44D}.Debug|Any CPU.ActiveCfg = Debug|Any CPU
		{404E68B1-0701-440F-AA63-C383405BB44D}.Debug|Any CPU.Build.0 = Debug|Any CPU
		{404E68B1-0701-440F-AA63-C383405BB44D}.Release|Any CPU.ActiveCfg = Release|Any CPU
		{404E68B1-0701-440F-AA63-C383405BB44D}.Release|Any CPU.Build.0 = Release|Any CPU
		{616688D9-B917-43B4-8A5D-7965B352FDE5}.Debug|Any CPU.ActiveCfg = Debug|Any CPU
		{616688D9-B917-43B4-8A5D-7965B352FDE5}.Debug|Any CPU.Build.0 = Debug|Any CPU
		{616688D9-B917-43B4-8A5D-7965B352FDE5}.Release|Any CPU.ActiveCfg = Release|Any CPU
		{616688D9-B917-43B4-8A5D-7965B352FDE5}.Release|Any CPU.Build.0 = Release|Any CPU
		{A9909383-E4BA-445D-8D14-8A629A8B70F1}.Debug|Any CPU.ActiveCfg = Debug|Any CPU
		{A9909383-E4BA-445D-8D14-8A629A8B70F1}.Debug|Any CPU.Build.0 = Debug|Any CPU
		{A9909383-E4BA-445D-8D14-8A629A8B70F1}.Release|Any CPU.ActiveCfg = Release|Any CPU
		{A9909383-E4BA-445D-8D14-8A629A8B70F1}.Release|Any CPU.Build.0 = Release|Any CPU
		{BEBD7F85-B9A5-4E1B-BEDF-6CA16F31217C}.Debug|Any CPU.ActiveCfg = Debug|Any CPU
		{BEBD7F85-B9A5-4E1B-BEDF-6CA16F31217C}.Debug|Any CPU.Build.0 = Debug|Any CPU
		{BEBD7F85-B9A5-4E1B-BEDF-6CA16F31217C}.Release|Any CPU.ActiveCfg = Release|Any CPU
		{BEBD7F85-B9A5-4E1B-BEDF-6CA16F31217C}.Release|Any CPU.Build.0 = Release|Any CPU
		{B5DE30D2-6356-4611-B754-373517A920D5}.Debug|Any CPU.ActiveCfg = Debug|Any CPU
		{B5DE30D2-6356-4611-B754-373517A920D5}.Debug|Any CPU.Build.0 = Debug|Any CPU
		{B5DE30D2-6356-4611-B754-373517A920D5}.Release|Any CPU.ActiveCfg = Release|Any CPU
		{B5DE30D2-6356-4611-B754-373517A920D5}.Release|Any CPU.Build.0 = Release|Any CPU
		{189424EB-F23A-42DD-91FD-41FFE87B1D10}.Debug|Any CPU.ActiveCfg = Debug|Any CPU
		{189424EB-F23A-42DD-91FD-41FFE87B1D10}.Debug|Any CPU.Build.0 = Debug|Any CPU
		{189424EB-F23A-42DD-91FD-41FFE87B1D10}.Release|Any CPU.ActiveCfg = Release|Any CPU
		{189424EB-F23A-42DD-91FD-41FFE87B1D10}.Release|Any CPU.Build.0 = Release|Any CPU
		{1EF4DDE2-4E8E-4AE8-B393-756BDFC18617}.Debug|Any CPU.ActiveCfg = Debug|Any CPU
		{1EF4DDE2-4E8E-4AE8-B393-756BDFC18617}.Debug|Any CPU.Build.0 = Debug|Any CPU
		{1EF4DDE2-4E8E-4AE8-B393-756BDFC18617}.Release|Any CPU.ActiveCfg = Release|Any CPU
		{1EF4DDE2-4E8E-4AE8-B393-756BDFC18617}.Release|Any CPU.Build.0 = Release|Any CPU
		{566E920B-82A9-4A23-8FB2-BA38E831718C}.Debug|Any CPU.ActiveCfg = Debug|Any CPU
		{566E920B-82A9-4A23-8FB2-BA38E831718C}.Debug|Any CPU.Build.0 = Debug|Any CPU
		{566E920B-82A9-4A23-8FB2-BA38E831718C}.Release|Any CPU.ActiveCfg = Release|Any CPU
		{566E920B-82A9-4A23-8FB2-BA38E831718C}.Release|Any CPU.Build.0 = Release|Any CPU
		{4852C55B-177B-4322-A73D-6DD1825FE5A1}.Debug|Any CPU.ActiveCfg = Debug|Any CPU
		{4852C55B-177B-4322-A73D-6DD1825FE5A1}.Debug|Any CPU.Build.0 = Debug|Any CPU
		{4852C55B-177B-4322-A73D-6DD1825FE5A1}.Release|Any CPU.ActiveCfg = Release|Any CPU
		{4852C55B-177B-4322-A73D-6DD1825FE5A1}.Release|Any CPU.Build.0 = Release|Any CPU
		{71C2777A-AFAE-44AC-B476-7542C57F113B}.Debug|Any CPU.ActiveCfg = Debug|Any CPU
		{71C2777A-AFAE-44AC-B476-7542C57F113B}.Debug|Any CPU.Build.0 = Debug|Any CPU
		{71C2777A-AFAE-44AC-B476-7542C57F113B}.Release|Any CPU.ActiveCfg = Release|Any CPU
		{71C2777A-AFAE-44AC-B476-7542C57F113B}.Release|Any CPU.Build.0 = Release|Any CPU
		{65E5940B-6924-46DB-A24E-3884248C3B53}.Debug|Any CPU.ActiveCfg = Debug|Any CPU
		{65E5940B-6924-46DB-A24E-3884248C3B53}.Debug|Any CPU.Build.0 = Debug|Any CPU
		{65E5940B-6924-46DB-A24E-3884248C3B53}.Release|Any CPU.ActiveCfg = Release|Any CPU
		{65E5940B-6924-46DB-A24E-3884248C3B53}.Release|Any CPU.Build.0 = Release|Any CPU
		{612D5C79-9422-47AF-9933-2D6DE3D222ED}.Debug|Any CPU.ActiveCfg = Debug|Any CPU
		{612D5C79-9422-47AF-9933-2D6DE3D222ED}.Debug|Any CPU.Build.0 = Debug|Any CPU
		{612D5C79-9422-47AF-9933-2D6DE3D222ED}.Release|Any CPU.ActiveCfg = Release|Any CPU
		{612D5C79-9422-47AF-9933-2D6DE3D222ED}.Release|Any CPU.Build.0 = Release|Any CPU
		{D42F3374-98BD-4E7B-961B-0F1FB2911997}.Debug|Any CPU.ActiveCfg = Debug|Any CPU
		{D42F3374-98BD-4E7B-961B-0F1FB2911997}.Debug|Any CPU.Build.0 = Debug|Any CPU
		{D42F3374-98BD-4E7B-961B-0F1FB2911997}.Release|Any CPU.ActiveCfg = Release|Any CPU
		{D42F3374-98BD-4E7B-961B-0F1FB2911997}.Release|Any CPU.Build.0 = Release|Any CPU
		{1ED5238D-6A9A-4F2B-90E5-3FAA92BCB77C}.Debug|Any CPU.ActiveCfg = Debug|Any CPU
		{1ED5238D-6A9A-4F2B-90E5-3FAA92BCB77C}.Debug|Any CPU.Build.0 = Debug|Any CPU
		{1ED5238D-6A9A-4F2B-90E5-3FAA92BCB77C}.Release|Any CPU.ActiveCfg = Release|Any CPU
		{1ED5238D-6A9A-4F2B-90E5-3FAA92BCB77C}.Release|Any CPU.Build.0 = Release|Any CPU
		{98454F1E-5DEF-4735-B9A2-0BB6E031E605}.Debug|Any CPU.ActiveCfg = Debug|Any CPU
		{98454F1E-5DEF-4735-B9A2-0BB6E031E605}.Debug|Any CPU.Build.0 = Debug|Any CPU
		{98454F1E-5DEF-4735-B9A2-0BB6E031E605}.Release|Any CPU.ActiveCfg = Release|Any CPU
		{98454F1E-5DEF-4735-B9A2-0BB6E031E605}.Release|Any CPU.Build.0 = Release|Any CPU
		{852B6AD3-D19D-42C9-887A-C89AF4F25C95}.Debug|Any CPU.ActiveCfg = Debug|Any CPU
		{852B6AD3-D19D-42C9-887A-C89AF4F25C95}.Debug|Any CPU.Build.0 = Debug|Any CPU
		{852B6AD3-D19D-42C9-887A-C89AF4F25C95}.Release|Any CPU.ActiveCfg = Release|Any CPU
		{852B6AD3-D19D-42C9-887A-C89AF4F25C95}.Release|Any CPU.Build.0 = Release|Any CPU
		{2E406864-4BD3-413D-82AF-7FAE60537533}.Debug|Any CPU.ActiveCfg = Debug|Any CPU
		{2E406864-4BD3-413D-82AF-7FAE60537533}.Debug|Any CPU.Build.0 = Debug|Any CPU
		{2E406864-4BD3-413D-82AF-7FAE60537533}.Release|Any CPU.ActiveCfg = Release|Any CPU
		{2E406864-4BD3-413D-82AF-7FAE60537533}.Release|Any CPU.Build.0 = Release|Any CPU
		{FECF6DCC-AB99-493A-997E-E8569B7A7D8F}.Debug|Any CPU.ActiveCfg = Debug|Any CPU
		{FECF6DCC-AB99-493A-997E-E8569B7A7D8F}.Debug|Any CPU.Build.0 = Debug|Any CPU
		{FECF6DCC-AB99-493A-997E-E8569B7A7D8F}.Release|Any CPU.ActiveCfg = Release|Any CPU
		{FECF6DCC-AB99-493A-997E-E8569B7A7D8F}.Release|Any CPU.Build.0 = Release|Any CPU
		{6ADC6527-866B-4235-9118-B400E0F5B096}.Debug|Any CPU.ActiveCfg = Debug|Any CPU
		{6ADC6527-866B-4235-9118-B400E0F5B096}.Debug|Any CPU.Build.0 = Debug|Any CPU
		{6ADC6527-866B-4235-9118-B400E0F5B096}.Release|Any CPU.ActiveCfg = Release|Any CPU
		{6ADC6527-866B-4235-9118-B400E0F5B096}.Release|Any CPU.Build.0 = Release|Any CPU
		{9DA2FD43-A934-40FD-97E9-02F198AA13E0}.Debug|Any CPU.ActiveCfg = Debug|Any CPU
		{9DA2FD43-A934-40FD-97E9-02F198AA13E0}.Debug|Any CPU.Build.0 = Debug|Any CPU
		{9DA2FD43-A934-40FD-97E9-02F198AA13E0}.Release|Any CPU.ActiveCfg = Release|Any CPU
		{9DA2FD43-A934-40FD-97E9-02F198AA13E0}.Release|Any CPU.Build.0 = Release|Any CPU
		{B91F9550-16B9-4F73-98EA-7019C7D41E1F}.Debug|Any CPU.ActiveCfg = Debug|Any CPU
		{B91F9550-16B9-4F73-98EA-7019C7D41E1F}.Debug|Any CPU.Build.0 = Debug|Any CPU
		{B91F9550-16B9-4F73-98EA-7019C7D41E1F}.Release|Any CPU.ActiveCfg = Release|Any CPU
		{B91F9550-16B9-4F73-98EA-7019C7D41E1F}.Release|Any CPU.Build.0 = Release|Any CPU
		{F814537E-86BA-4C50-BD59-23137FA79657}.Debug|Any CPU.ActiveCfg = Debug|Any CPU
		{F814537E-86BA-4C50-BD59-23137FA79657}.Debug|Any CPU.Build.0 = Debug|Any CPU
		{F814537E-86BA-4C50-BD59-23137FA79657}.Release|Any CPU.ActiveCfg = Release|Any CPU
		{F814537E-86BA-4C50-BD59-23137FA79657}.Release|Any CPU.Build.0 = Release|Any CPU
		{1C7A77DD-A90D-4143-A840-CAB4FF3A90BB}.Debug|Any CPU.ActiveCfg = Debug|Any CPU
		{1C7A77DD-A90D-4143-A840-CAB4FF3A90BB}.Debug|Any CPU.Build.0 = Debug|Any CPU
		{1C7A77DD-A90D-4143-A840-CAB4FF3A90BB}.Release|Any CPU.ActiveCfg = Release|Any CPU
		{1C7A77DD-A90D-4143-A840-CAB4FF3A90BB}.Release|Any CPU.Build.0 = Release|Any CPU
		{866961BD-F811-4E92-856A-A04F94E80F66}.Debug|Any CPU.ActiveCfg = Debug|Any CPU
		{866961BD-F811-4E92-856A-A04F94E80F66}.Debug|Any CPU.Build.0 = Debug|Any CPU
		{866961BD-F811-4E92-856A-A04F94E80F66}.Release|Any CPU.ActiveCfg = Release|Any CPU
		{866961BD-F811-4E92-856A-A04F94E80F66}.Release|Any CPU.Build.0 = Release|Any CPU
		{8833DA3C-794D-4B47-9184-D5AD5158BB2F}.Debug|Any CPU.ActiveCfg = Debug|Any CPU
		{8833DA3C-794D-4B47-9184-D5AD5158BB2F}.Debug|Any CPU.Build.0 = Debug|Any CPU
		{8833DA3C-794D-4B47-9184-D5AD5158BB2F}.Release|Any CPU.ActiveCfg = Release|Any CPU
		{8833DA3C-794D-4B47-9184-D5AD5158BB2F}.Release|Any CPU.Build.0 = Release|Any CPU
		{97F4D8B3-5880-4D7A-8035-7CE7FFC0C6F0}.Debug|Any CPU.ActiveCfg = Debug|Any CPU
		{97F4D8B3-5880-4D7A-8035-7CE7FFC0C6F0}.Debug|Any CPU.Build.0 = Debug|Any CPU
		{97F4D8B3-5880-4D7A-8035-7CE7FFC0C6F0}.Release|Any CPU.ActiveCfg = Release|Any CPU
		{97F4D8B3-5880-4D7A-8035-7CE7FFC0C6F0}.Release|Any CPU.Build.0 = Release|Any CPU
		{A8FA0AE8-85F8-479F-9131-E69FE74C4E10}.Debug|Any CPU.ActiveCfg = Debug|Any CPU
		{A8FA0AE8-85F8-479F-9131-E69FE74C4E10}.Debug|Any CPU.Build.0 = Debug|Any CPU
		{A8FA0AE8-85F8-479F-9131-E69FE74C4E10}.Release|Any CPU.ActiveCfg = Release|Any CPU
		{A8FA0AE8-85F8-479F-9131-E69FE74C4E10}.Release|Any CPU.Build.0 = Release|Any CPU
		{D1E1A8F1-004E-4513-A8A9-DDDAFC665F01}.Debug|Any CPU.ActiveCfg = Debug|Any CPU
		{D1E1A8F1-004E-4513-A8A9-DDDAFC665F01}.Debug|Any CPU.Build.0 = Debug|Any CPU
		{D1E1A8F1-004E-4513-A8A9-DDDAFC665F01}.Release|Any CPU.ActiveCfg = Release|Any CPU
		{D1E1A8F1-004E-4513-A8A9-DDDAFC665F01}.Release|Any CPU.Build.0 = Release|Any CPU
		{BD019AE8-6963-478D-9D68-52FE75AC90B1}.Debug|Any CPU.ActiveCfg = Debug|Any CPU
		{BD019AE8-6963-478D-9D68-52FE75AC90B1}.Debug|Any CPU.Build.0 = Debug|Any CPU
		{BD019AE8-6963-478D-9D68-52FE75AC90B1}.Release|Any CPU.ActiveCfg = Release|Any CPU
		{BD019AE8-6963-478D-9D68-52FE75AC90B1}.Release|Any CPU.Build.0 = Release|Any CPU
	EndGlobalSection
	GlobalSection(NestedProjects) = preSolution
		{F0FC8420-9F70-4066-BC5B-AE4C4128F16E} = {72C17D98-3022-4994-8D78-306A0AB529AA}
		{C66B1721-A4B6-470F-9FBB-07B70A31C2CB} = {72C17D98-3022-4994-8D78-306A0AB529AA}
		{85C0D474-A146-4E7F-9877-17D5FF0D4BBE} = {72C17D98-3022-4994-8D78-306A0AB529AA}
		{E2A933A2-3BA9-48A3-BB58-D905E862D49D} = {85C0D474-A146-4E7F-9877-17D5FF0D4BBE}
		{22102F44-7633-4015-ABA9-CF5D72634906} = {E2A933A2-3BA9-48A3-BB58-D905E862D49D}
		{B90DC893-6D1D-46EA-ACD8-237A23A21592} = {E2A933A2-3BA9-48A3-BB58-D905E862D49D}
		{6AD06981-B2A8-409A-8FD6-C4E060804816} = {E2A933A2-3BA9-48A3-BB58-D905E862D49D}
		{0E7BD256-1D9B-4800-9826-4B5418478352} = {E2A933A2-3BA9-48A3-BB58-D905E862D49D}
		{815C4B8E-F98D-4D6B-9820-2B3521AF4D68} = {72C17D98-3022-4994-8D78-306A0AB529AA}
		{8220A915-EEFE-4431-9705-CF16325C91BB} = {85C0D474-A146-4E7F-9877-17D5FF0D4BBE}
		{516E1B06-2CE2-435A-B47A-F276E0A129C6} = {8220A915-EEFE-4431-9705-CF16325C91BB}
		{F4B972B5-952A-4D33-ACE3-DD67B84CDDFB} = {8220A915-EEFE-4431-9705-CF16325C91BB}
		{7D0DEB6D-CCE3-49D6-8C26-7FCD7F427BE6} = {8220A915-EEFE-4431-9705-CF16325C91BB}
		{A2284929-35EE-4C8E-955C-BFA91E822953} = {8220A915-EEFE-4431-9705-CF16325C91BB}
		{8B938FB3-6545-41AA-A93A-0E6B0D5F02B3} = {85C0D474-A146-4E7F-9877-17D5FF0D4BBE}
		{3F0B1EBC-4029-4013-9C1C-617732A95653} = {85C0D474-A146-4E7F-9877-17D5FF0D4BBE}
		{AD70EC10-4884-47A5-B8CD-DCB63F55D97E} = {85C0D474-A146-4E7F-9877-17D5FF0D4BBE}
		{670189BC-1EB7-4435-AA0D-F2EBAAC0A06F} = {85C0D474-A146-4E7F-9877-17D5FF0D4BBE}
		{AB13DBA8-202B-4D03-A830-7D708AA1E077} = {85C0D474-A146-4E7F-9877-17D5FF0D4BBE}
		{D328B635-7D5D-42F8-8406-7A4EE34C3F82} = {85C0D474-A146-4E7F-9877-17D5FF0D4BBE}
		{C177D721-7659-4718-8F9A-F33D70E7B633} = {85C0D474-A146-4E7F-9877-17D5FF0D4BBE}
		{2FD85C39-ABC9-461F-B721-1DB9E63B8943} = {85C0D474-A146-4E7F-9877-17D5FF0D4BBE}
		{3B2E3F6F-AFC3-4906-A4FE-694E7B494954} = {670189BC-1EB7-4435-AA0D-F2EBAAC0A06F}
		{ACCEC24B-1DE1-4021-806B-8E028CCD4DEE} = {670189BC-1EB7-4435-AA0D-F2EBAAC0A06F}
		{8CD9D22D-C3D1-4C07-ACC6-C4A499977C24} = {670189BC-1EB7-4435-AA0D-F2EBAAC0A06F}
		{404E68B1-0701-440F-AA63-C383405BB44D} = {670189BC-1EB7-4435-AA0D-F2EBAAC0A06F}
		{616688D9-B917-43B4-8A5D-7965B352FDE5} = {8B938FB3-6545-41AA-A93A-0E6B0D5F02B3}
		{A9909383-E4BA-445D-8D14-8A629A8B70F1} = {8B938FB3-6545-41AA-A93A-0E6B0D5F02B3}
		{BEBD7F85-B9A5-4E1B-BEDF-6CA16F31217C} = {8B938FB3-6545-41AA-A93A-0E6B0D5F02B3}
		{B5DE30D2-6356-4611-B754-373517A920D5} = {8B938FB3-6545-41AA-A93A-0E6B0D5F02B3}
		{189424EB-F23A-42DD-91FD-41FFE87B1D10} = {AB13DBA8-202B-4D03-A830-7D708AA1E077}
		{1EF4DDE2-4E8E-4AE8-B393-756BDFC18617} = {AB13DBA8-202B-4D03-A830-7D708AA1E077}
		{566E920B-82A9-4A23-8FB2-BA38E831718C} = {AB13DBA8-202B-4D03-A830-7D708AA1E077}
		{4852C55B-177B-4322-A73D-6DD1825FE5A1} = {AB13DBA8-202B-4D03-A830-7D708AA1E077}
		{71C2777A-AFAE-44AC-B476-7542C57F113B} = {3F0B1EBC-4029-4013-9C1C-617732A95653}
		{65E5940B-6924-46DB-A24E-3884248C3B53} = {3F0B1EBC-4029-4013-9C1C-617732A95653}
		{612D5C79-9422-47AF-9933-2D6DE3D222ED} = {3F0B1EBC-4029-4013-9C1C-617732A95653}
		{D42F3374-98BD-4E7B-961B-0F1FB2911997} = {3F0B1EBC-4029-4013-9C1C-617732A95653}
		{1ED5238D-6A9A-4F2B-90E5-3FAA92BCB77C} = {D328B635-7D5D-42F8-8406-7A4EE34C3F82}
		{98454F1E-5DEF-4735-B9A2-0BB6E031E605} = {2FD85C39-ABC9-461F-B721-1DB9E63B8943}
		{852B6AD3-D19D-42C9-887A-C89AF4F25C95} = {AD70EC10-4884-47A5-B8CD-DCB63F55D97E}
		{2E406864-4BD3-413D-82AF-7FAE60537533} = {C177D721-7659-4718-8F9A-F33D70E7B633}
		{FECF6DCC-AB99-493A-997E-E8569B7A7D8F} = {D328B635-7D5D-42F8-8406-7A4EE34C3F82}
		{6ADC6527-866B-4235-9118-B400E0F5B096} = {D328B635-7D5D-42F8-8406-7A4EE34C3F82}
		{9DA2FD43-A934-40FD-97E9-02F198AA13E0} = {D328B635-7D5D-42F8-8406-7A4EE34C3F82}
		{B91F9550-16B9-4F73-98EA-7019C7D41E1F} = {2FD85C39-ABC9-461F-B721-1DB9E63B8943}
		{F814537E-86BA-4C50-BD59-23137FA79657} = {2FD85C39-ABC9-461F-B721-1DB9E63B8943}
		{1C7A77DD-A90D-4143-A840-CAB4FF3A90BB} = {2FD85C39-ABC9-461F-B721-1DB9E63B8943}
		{866961BD-F811-4E92-856A-A04F94E80F66} = {AD70EC10-4884-47A5-B8CD-DCB63F55D97E}
		{8833DA3C-794D-4B47-9184-D5AD5158BB2F} = {AD70EC10-4884-47A5-B8CD-DCB63F55D97E}
		{97F4D8B3-5880-4D7A-8035-7CE7FFC0C6F0} = {AD70EC10-4884-47A5-B8CD-DCB63F55D97E}
		{A8FA0AE8-85F8-479F-9131-E69FE74C4E10} = {C177D721-7659-4718-8F9A-F33D70E7B633}
		{D1E1A8F1-004E-4513-A8A9-DDDAFC665F01} = {C177D721-7659-4718-8F9A-F33D70E7B633}
		{BD019AE8-6963-478D-9D68-52FE75AC90B1} = {C177D721-7659-4718-8F9A-F33D70E7B633}
	EndGlobalSection
EndGlobal
